
Microsoft Visual Studio Solution File, Format Version 12.00
# Visual Studio 15
VisualStudioVersion = 15.0.27703.2042
MinimumVisualStudioVersion = 10.0.40219.1
Project("{FAE04EC0-301F-11D3-BF4B-00C04F79EFBC}") = "Practise", "Generics\Practise.csproj", "{C854626A-E14A-407B-AAC2-C574E2CB8481}"
EndProject
Global
	GlobalSection(SolutionConfigurationPlatforms) = preSolution
		Debug|Any CPU = Debug|Any CPU
		Release|Any CPU = Release|Any CPU
	EndGlobalSection
	GlobalSection(ProjectConfigurationPlatforms) = postSolution
		{C854626A-E14A-407B-AAC2-C574E2CB8481}.Debug|Any CPU.ActiveCfg = Debug|Any CPU
		{C854626A-E14A-407B-AAC2-C574E2CB8481}.Debug|Any CPU.Build.0 = Debug|Any CPU
		{C854626A-E14A-407B-AAC2-C574E2CB8481}.Release|Any CPU.ActiveCfg = Release|Any CPU
		{C854626A-E14A-407B-AAC2-C574E2CB8481}.Release|Any CPU.Build.0 = Release|Any CPU
	EndGlobalSection
	GlobalSection(SolutionProperties) = preSolution
		HideSolutionNode = FALSE
	EndGlobalSection
	GlobalSection(ExtensibilityGlobals) = postSolution
		SolutionGuid = {1DCEF49C-9CB1-4A66-9DCE-A54AD817BB4A}
	EndGlobalSection
EndGlobal
