
Microsoft Visual Studio Solution File, Format Version 12.00
# Visual Studio 15
VisualStudioVersion = 15.0.28010.2036
MinimumVisualStudioVersion = 10.0.40219.1
Project("{FAE04EC0-301F-11D3-BF4B-00C04F79EFBC}") = "HW13", "HW13\HW13.csproj", "{63459C64-657D-4EA0-A0AD-A6493F344B19}"
EndProject
Global
	GlobalSection(SolutionConfigurationPlatforms) = preSolution
		Debug|Any CPU = Debug|Any CPU
		Release|Any CPU = Release|Any CPU
	EndGlobalSection
	GlobalSection(ProjectConfigurationPlatforms) = postSolution
		{63459C64-657D-4EA0-A0AD-A6493F344B19}.Debug|Any CPU.ActiveCfg = Debug|Any CPU
		{63459C64-657D-4EA0-A0AD-A6493F344B19}.Debug|Any CPU.Build.0 = Debug|Any CPU
		{63459C64-657D-4EA0-A0AD-A6493F344B19}.Release|Any CPU.ActiveCfg = Release|Any CPU
		{63459C64-657D-4EA0-A0AD-A6493F344B19}.Release|Any CPU.Build.0 = Release|Any CPU
	EndGlobalSection
	GlobalSection(SolutionProperties) = preSolution
		HideSolutionNode = FALSE
	EndGlobalSection
	GlobalSection(ExtensibilityGlobals) = postSolution
		SolutionGuid = {7E23B492-5199-4146-9285-AB43B98EC35F}
	EndGlobalSection
EndGlobal
