
Microsoft Visual Studio Solution File, Format Version 12.00
# Visual Studio 15
VisualStudioVersion = 15.0.27703.2042
MinimumVisualStudioVersion = 10.0.40219.1
Project("{FAE04EC0-301F-11D3-BF4B-00C04F79EFBC}") = "HomeWork7", "HomeWork7\HomeWork7.csproj", "{68319AEC-ECA1-4E17-89C9-CEEECCBB99BF}"
EndProject
Global
	GlobalSection(SolutionConfigurationPlatforms) = preSolution
		Debug|Any CPU = Debug|Any CPU
		Release|Any CPU = Release|Any CPU
	EndGlobalSection
	GlobalSection(ProjectConfigurationPlatforms) = postSolution
		{68319AEC-ECA1-4E17-89C9-CEEECCBB99BF}.Debug|Any CPU.ActiveCfg = Debug|Any CPU
		{68319AEC-ECA1-4E17-89C9-CEEECCBB99BF}.Debug|Any CPU.Build.0 = Debug|Any CPU
		{68319AEC-ECA1-4E17-89C9-CEEECCBB99BF}.Release|Any CPU.ActiveCfg = Release|Any CPU
		{68319AEC-ECA1-4E17-89C9-CEEECCBB99BF}.Release|Any CPU.Build.0 = Release|Any CPU
	EndGlobalSection
	GlobalSection(SolutionProperties) = preSolution
		HideSolutionNode = FALSE
	EndGlobalSection
	GlobalSection(ExtensibilityGlobals) = postSolution
		SolutionGuid = {3F1C06B8-EF2D-4869-98F1-AA269C80B6FE}
	EndGlobalSection
EndGlobal
